{
  "version": 4,
  "terraform_version": "1.14.5",
  "serial": 3,
  "lineage": "d9b2dfa5-6bcb-5f4c-4ba5-5523f8e1bffc",
  "outputs": {},
  "resources": [
    {
      "mode": "managed",
      "type": "google_compute_firewall",
      "name": "innovacx_ports",
      "provider": "provider[\"registry.terraform.io/hashicorp/google\"]",
      "instances": [
        {
          "schema_version": 1,
          "attributes": {
            "allow": [
              {
                "ports": [
                  "22",
                  "80",
                  "443",
                  "5173",
                  "8000",
                  "8001",
                  "8002",
                  "3001"
                ],
                "protocol": "tcp"
              }
            ],
            "creation_timestamp": "2026-02-22T04:16:53.050-08:00",
            "deny": [],
            "description": "",
            "destination_ranges": [],
            "direction": "INGRESS",
            "disabled": false,
            "enable_logging": null,
            "id": "projects/innovacx/global/firewalls/innovacx-ports",
            "log_config": [],
            "name": "innovacx-ports",
            "network": "https://www.googleapis.com/compute/v1/projects/innovacx/global/networks/default",
            "priority": 1000,
            "project": "innovacx",
            "self_link": "https://www.googleapis.com/compute/v1/projects/innovacx/global/firewalls/innovacx-ports",
            "source_ranges": [
              "0.0.0.0/0"
            ],
            "source_service_accounts": null,
            "source_tags": null,
            "target_service_accounts": null,
            "target_tags": [
              "innovacx"
            ],
            "timeouts": null
          },
          "sensitive_attributes": [],
          "identity_schema_version": 0,
          "private": "eyJlMmJmYjczMC1lY2FhLTExZTYtOGY4OC0zNDM2M2JjN2M0YzAiOnsiY3JlYXRlIjoxMjAwMDAwMDAwMDAwLCJkZWxldGUiOjEyMDAwMDAwMDAwMDAsInVwZGF0ZSI6MTIwMDAwMDAwMDAwMH0sInNjaGVtYV92ZXJzaW9uIjoiMSJ9"
        }
      ]
    }
  ],
  "check_results": null
}
